{
  "name": "twitter-image-reply-bot",
  "version": "1.0.0",
  "lockfileVersion": 2,
  "requires": true,
  "packages": {
    "": {
      "name": "twitter-image-reply-bot",
      "version": "1.0.0",
      "dependencies": {
        "dotenv": "^16.0.0",
        "express": "^4.18.2",
        "node-fetch": "^3.3.2",
        "twitter-api-v2": "^1.18.0",
        "cors": "^2.8.5"
      }
    }
  },
  "dependencies": {
    "dotenv": {
      "version": "16.0.3",
      "resolved": "https://registry.npmjs.org/dotenv/-/dotenv-16.0.3.tgz",
      "integrity": "sha512-NkA1MEAj5bMnTdzxEKRoM2wMGtKqDRReRHCe1lfvPSZCwUJ0b8LtRKZwzX2QUvMSnbVgXxEOBfI2knG9nU7i/A=="
    },
    "express": {
      "version": "4.18.2",
      "resolved": "https://registry.npmjs.org/express/-/express-4.18.2.tgz",
      "integrity": "sha512-5/PsL6GxNNvmOBy8rMZ8+jfSxxGwPOztZvqJv/UsUPcBOhLUsnD9mfM/6whIed8wM+QK+MwC1c+zF7vE5u7nMg=="
    },
    "node-fetch": {
      "version": "3.3.2",
      "resolved": "https://registry.npmjs.org/node-fetch/-/node-fetch-3.3.2.tgz",
      "integrity": "sha512-hFLPjkN2FOF3F9gOHRufOcx3q5O3UDQOfcZSY7PSPlr+1p2Em9gCWc8ENIoFCehv3BrZ1qJLEwObApgvqFKkIw=="
    },
    "twitter-api-v2": {
      "version": "1.18.0",
      "resolved": "https://registry.npmjs.org/twitter-api-v2/-/twitter-api-v2-1.18.0.tgz",
      "integrity": "sha512-yBB8PE9kS+/+Fak1NoNcvKO+xAjJLoSEy+7eBiYWhMFzSkDUHgU7On8WZCZQnmtUrQxR5sREfa9E40kgzKAZsw=="
    },
    "cors": {
      "version": "2.8.5",
      "resolved": "https://registry.npmjs.org/cors/-/cors-2.8.5.tgz",
      "integrity": "sha512-XCkRjz+JjIWqCCtA4wVxUFKwqgRPPdbqk1+egbQ6Eh3edQMi5xGzCg6GpFBXxZFiMbZ9v0LPDqoPfjvTfW5jig=="
    }
  }
}
